
Microsoft Visual Studio Solution File, Format Version 12.00
# Visual Studio 15
VisualStudioVersion = 15.0.27428.2043
MinimumVisualStudioVersion = 10.0.40219.1
Project("{FAE04EC0-301F-11D3-BF4B-00C04F79EFBC}") = "ProjectA2", "ProjectA2\ProjectA2.csproj", "{95F8255C-4401-47A4-A4FD-FEB9F7547EB4}"
EndProject
Global
	GlobalSection(SolutionConfigurationPlatforms) = preSolution
		Debug|Any CPU = Debug|Any CPU
		Release|Any CPU = Release|Any CPU
	EndGlobalSection
	GlobalSection(ProjectConfigurationPlatforms) = postSolution
		{95F8255C-4401-47A4-A4FD-FEB9F7547EB4}.Debug|Any CPU.ActiveCfg = Debug|Any CPU
		{95F8255C-4401-47A4-A4FD-FEB9F7547EB4}.Debug|Any CPU.Build.0 = Debug|Any CPU
		{95F8255C-4401-47A4-A4FD-FEB9F7547EB4}.Release|Any CPU.ActiveCfg = Release|Any CPU
		{95F8255C-4401-47A4-A4FD-FEB9F7547EB4}.Release|Any CPU.Build.0 = Release|Any CPU
	EndGlobalSection
	GlobalSection(SolutionProperties) = preSolution
		HideSolutionNode = FALSE
	EndGlobalSection
	GlobalSection(ExtensibilityGlobals) = postSolution
		SolutionGuid = {D26C8CB5-A9B3-4A47-90CB-13E33B88E0F4}
	EndGlobalSection
EndGlobal
